
Microsoft Visual Studio Solution File, Format Version 12.00
# Visual Studio Version 17
VisualStudioVersion = 17.13.35825.156 d17.13
MinimumVisualStudioVersion = 10.0.40219.1
Project("{FAE04EC0-301F-11D3-BF4B-00C04F79EFBC}") = "SearchForm", "SearchForm\SearchForm.csproj", "{1B6D20B0-6500-4FC8-B755-ED88FBEA1880}"
EndProject
Global
	GlobalSection(SolutionConfigurationPlatforms) = preSolution
		Debug|Any CPU = Debug|Any CPU
		Release|Any CPU = Release|Any CPU
	EndGlobalSection
	GlobalSection(ProjectConfigurationPlatforms) = postSolution
		{1B6D20B0-6500-4FC8-B755-ED88FBEA1880}.Debug|Any CPU.ActiveCfg = Debug|Any CPU
		{1B6D20B0-6500-4FC8-B755-ED88FBEA1880}.Debug|Any CPU.Build.0 = Debug|Any CPU
		{1B6D20B0-6500-4FC8-B755-ED88FBEA1880}.Release|Any CPU.ActiveCfg = Release|Any CPU
		{1B6D20B0-6500-4FC8-B755-ED88FBEA1880}.Release|Any CPU.Build.0 = Release|Any CPU
	EndGlobalSection
	GlobalSection(SolutionProperties) = preSolution
		HideSolutionNode = FALSE
	EndGlobalSection
	GlobalSection(ExtensibilityGlobals) = postSolution
		SolutionGuid = {30B7F009-EAB8-4B4C-AD2A-E339ED7D1196}
	EndGlobalSection
EndGlobal
