
Microsoft Visual Studio Solution File, Format Version 12.00
# Visual Studio Version 17
VisualStudioVersion = 17.13.35825.156 d17.13
MinimumVisualStudioVersion = 10.0.40219.1
Project("{FAE04EC0-301F-11D3-BF4B-00C04F79EFBC}") = "SellBookForm", "SellBookForm\SellBookForm.csproj", "{0466F5BA-19F6-4442-891A-AE83D13F8F9C}"
EndProject
Global
	GlobalSection(SolutionConfigurationPlatforms) = preSolution
		Debug|Any CPU = Debug|Any CPU
		Release|Any CPU = Release|Any CPU
	EndGlobalSection
	GlobalSection(ProjectConfigurationPlatforms) = postSolution
		{0466F5BA-19F6-4442-891A-AE83D13F8F9C}.Debug|Any CPU.ActiveCfg = Debug|Any CPU
		{0466F5BA-19F6-4442-891A-AE83D13F8F9C}.Debug|Any CPU.Build.0 = Debug|Any CPU
		{0466F5BA-19F6-4442-891A-AE83D13F8F9C}.Release|Any CPU.ActiveCfg = Release|Any CPU
		{0466F5BA-19F6-4442-891A-AE83D13F8F9C}.Release|Any CPU.Build.0 = Release|Any CPU
	EndGlobalSection
	GlobalSection(SolutionProperties) = preSolution
		HideSolutionNode = FALSE
	EndGlobalSection
	GlobalSection(ExtensibilityGlobals) = postSolution
		SolutionGuid = {63A60922-3008-460D-ACBC-B6762737EDCC}
	EndGlobalSection
EndGlobal
